
Microsoft Visual Studio Solution File, Format Version 12.00
# Visual Studio 2013
VisualStudioVersion = 12.0.30324.0
MinimumVisualStudioVersion = 10.0.40219.1
Project("{FAE04EC0-301F-11D3-BF4B-00C04F79EFBC}") = "Albireo.Otp", "Albireo.Otp\Albireo.Otp.csproj", "{711EA10D-3A58-4AE6-AE55-3C4908A55312}"
EndProject
Global
	GlobalSection(SolutionConfigurationPlatforms) = preSolution
		Debug|Any CPU = Debug|Any CPU
		Release|Any CPU = Release|Any CPU
	EndGlobalSection
	GlobalSection(ProjectConfigurationPlatforms) = postSolution
		{711EA10D-3A58-4AE6-AE55-3C4908A55312}.Debug|Any CPU.ActiveCfg = Debug|Any CPU
		{711EA10D-3A58-4AE6-AE55-3C4908A55312}.Debug|Any CPU.Build.0 = Debug|Any CPU
		{711EA10D-3A58-4AE6-AE55-3C4908A55312}.Release|Any CPU.ActiveCfg = Release|Any CPU
		{711EA10D-3A58-4AE6-AE55-3C4908A55312}.Release|Any CPU.Build.0 = Release|Any CPU
	EndGlobalSection
	GlobalSection(SolutionProperties) = preSolution
		HideSolutionNode = FALSE
	EndGlobalSection
EndGlobal
